{
  "version": 1,
  "dependencies": {
    "native,Version=v0.0": {
      "Microsoft.googletest.v140.windesktop.msvcstl.static.rt-dyn": {
        "type": "Direct",
        "requested": "[1.8.1.7, )",
        "resolved": "1.8.1.7",
        "contentHash": "FxNwT4YpsGdqforqFSTGc5f/eqfRJ1wf5G1w0nEEkT5pr5M95E5fOuswpPUGXPZIXMM7BSVGnCRcQZjomA=="
      },
      "Microsoft.Windows.CppWinRT": {
        "type": "Direct",
        "requested": "[2.0.230706.1, )",
        "resolved": "2.0.230706.1",
        "contentHash": "l0D7oCw/5XxIKHqZTi62TtV1qeSz7KVluNFdrJ9hXsst4ghvqQ/Yhura7JqRdZWBXAuDS0G0KwALptdoxweQ=="
      },
      "Microsoft.WindowsAppSDK": {
        "type": "Direct",
        "requested": "[1.8.260209005, )",
        "resolved": "1.8.260209005",
        "contentHash": "AGHOiZcrDrpaxpHfEFKlI8MVnibfbSixI5DlbU6ozP/9dyWN5FkTFowgdEOnaFRCnOzTSAjBQ1HuS4lAOaMQ==",
        "dependencies": {
          "Microsoft.WindowsAppSDK.AI": "[1.8.47]",
          "Microsoft.WindowsAppSDK.Base": "[1.8.251216001]",
          "Microsoft.WindowsAppSDK.DWrite": "[1.8.25122902]",
          "Microsoft.WindowsAppSDK.Foundation": "[1.8.260203002]",
          "Microsoft.WindowsAppSDK.InteractiveExperiences": "[1.8.260125001]",
          "Microsoft.WindowsAppSDK.ML": "[1.8.2124]",
          "Microsoft.WindowsAppSDK.Runtime": "[1.8.260209005]",
          "Microsoft.WindowsAppSDK.Widgets": "[1.8.251231004]",
          "Microsoft.WindowsAppSDK.WinUI": "[1.8.260204000]"
        }
      },
      "Microsoft.Web.WebView2": {
        "type": "Transitive",
        "resolved": "1.0.3179.45",

    },
    "native,Version=v0.0/win-arm64": {
      "Microsoft.Web.WebView2": {
        "type": "Transitive",
        "resolved": "1.0.3179.45",
        "contentHash": "3pokSH5CnN0G6rGhGFo1y87inxYhNxBQ2Vdf0wlvBj99KHxQJormjDACmqRnFeUsmuNFIhWwfAL1ztq7wD5qRA=="
      },
      "Microsoft.WindowsAppSDK.Foundation": {
        "type": "Transitive",
        "resolved": "1.8.260203002",
        "contentHash": "eKQ/prWq98mW7Effot47iZNbDnq/NVN9R9Gi8vmoU/3Ka6zNNivxdICXh6j7g6REFPCV9530/nQYQC0L3fwg==",
        "dependencies": {
          "Microsoft.WindowsAppSDK.Base": "1.8.251216001",
          "Microsoft.WindowsAppSDK.InteractiveExperiences": "1.8.260125001"
        }
      }
    },
    "native,Version=v0.0/win-x64": {
      "Microsoft.Web.WebView2": {
        "type": "Transitive",
        "resolved": "1.0.3179.45",
        "contentHash": "3pokSH5CnN0G6rGhGFo1y87inxYhNxBQ2Vdf0wlvBj99KHxQJormjDACmqRnFeUsmuNFIhWwfAL1ztq7wD5qRA=="
      },
      "Microsoft.WindowsAppSDK.Foundation": {
        "type": "Transitive",
        "resolved": "1.8.260203002",
        "contentHash": "eKQ/prWq98mW7Effot47iZNbDnq/NVN9R9Gi8vmoU/3Ka6zNNivxdICXh6j7g6REFPCV9530/nQYQC0L3fwg==",
        "dependencies": {
          "Microsoft.WindowsAppSDK.Base": "1.8.251216001",
          "Microsoft.WindowsAppSDK.InteractiveExperiences": "1.8.260125001"
        }
      }
    },
    "native,Version=v0.0/win-x86": {
      "Microsoft.Web.WebView2": {
        "type": "Transitive",
        "resolved": "1.0.3179.45",
        "contentHash": "3pokSH5CnN0G6rGhGFo1y87inxYhNxBQ2Vdf0wlvBj99KHxQJormjDACmqRnFeUsmuNFIhWwfAL1ztq7wD5qRA=="
      },
      "Microsoft.WindowsAppSDK.Foundation": {
        "type": "Transitive",
        "resolved": "1.8.260203002",
        "contentHash": "eKQ/prWq98mW7Effot47iZNbDnq/NVN9R9Gi8vmoU/3Ka6zNNivxdICXh6j7g6REFPCV9530/nQYQC0L3fwg==",
        "dependencies": {
          "Microsoft.WindowsAppSDK.Base": "1.8.251216001",
          "Microsoft.WindowsAppSDK.InteractiveExperiences": "1.8.260125001"
        }
      }
    }
  }
}